
Microsoft Visual Studio Solution File, Format Version 12.00
# Visual Studio Version 16
VisualStudioVersion = 16.0.29728.190
MinimumVisualStudioVersion = 10.0.40219.1
Project("{FAE04EC0-301F-11D3-BF4B-00C04F79EFBC}") = "RPGstore", "RPGstore\RPGstore.csproj", "{8BB51D12-45F4-4388-877D-8FBED1EB0EFB}"
EndProject
Global
	GlobalSection(SolutionConfigurationPlatforms) = preSolution
		Debug|Any CPU = Debug|Any CPU
		Release|Any CPU = Release|Any CPU
	EndGlobalSection
	GlobalSection(ProjectConfigurationPlatforms) = postSolution
		{8BB51D12-45F4-4388-877D-8FBED1EB0EFB}.Debug|Any CPU.ActiveCfg = Debug|Any CPU
		{8BB51D12-45F4-4388-877D-8FBED1EB0EFB}.Debug|Any CPU.Build.0 = Debug|Any CPU
		{8BB51D12-45F4-4388-877D-8FBED1EB0EFB}.Release|Any CPU.ActiveCfg = Release|Any CPU
		{8BB51D12-45F4-4388-877D-8FBED1EB0EFB}.Release|Any CPU.Build.0 = Release|Any CPU
	EndGlobalSection
	GlobalSection(SolutionProperties) = preSolution
		HideSolutionNode = FALSE
	EndGlobalSection
	GlobalSection(ExtensibilityGlobals) = postSolution
		SolutionGuid = {E1CCF134-478B-44BB-84EA-96F42D67A711}
	EndGlobalSection
EndGlobal
